
Microsoft Visual Studio Solution File, Format Version 12.00
# Visual Studio Version 17
VisualStudioVersion = 17.11.35208.52
MinimumVisualStudioVersion = 10.0.40219.1
Project("{9A19103F-16F7-4668-BE54-9A1E7A4F7556}") = "ChatHub.Server", "ChatHub.Server\ChatHub.Server.csproj", "{ED28FA62-30B0-4F4F-A265-7654B6888FD7}"
EndProject
Project("{9A19103F-16F7-4668-BE54-9A1E7A4F7556}") = "ChatHub.Client", "ChatHub.Client\ChatHub.Client.csproj", "{80B71DC3-9C31-422B-8E06-25CDC35084BD}"
EndProject
Project("{FAE04EC0-301F-11D3-BF4B-00C04F79EFBC}") = "ChatHub.Shared.Lib", "ChatHub.Shared.Lib\ChatHub.Shared.Lib.csproj", "{A99254B5-0FD7-4645-B920-92C05D10C321}"
EndProject
Global
	GlobalSection(SolutionConfigurationPlatforms) = preSolution
		Debug|Any CPU = Debug|Any CPU
		Release|Any CPU = Release|Any CPU
	EndGlobalSection
	GlobalSection(ProjectConfigurationPlatforms) = postSolution
		{ED28FA62-30B0-4F4F-A265-7654B6888FD7}.Debug|Any CPU.ActiveCfg = Debug|Any CPU
		{ED28FA62-30B0-4F4F-A265-7654B6888FD7}.Debug|Any CPU.Build.0 = Debug|Any CPU
		{ED28FA62-30B0-4F4F-A265-7654B6888FD7}.Release|Any CPU.ActiveCfg = Release|Any CPU
		{ED28FA62-30B0-4F4F-A265-7654B6888FD7}.Release|Any CPU.Build.0 = Release|Any CPU
		{80B71DC3-9C31-422B-8E06-25CDC35084BD}.Debug|Any CPU.ActiveCfg = Debug|Any CPU
		{80B71DC3-9C31-422B-8E06-25CDC35084BD}.Debug|Any CPU.Build.0 = Debug|Any CPU
		{80B71DC3-9C31-422B-8E06-25CDC35084BD}.Release|Any CPU.ActiveCfg = Release|Any CPU
		{80B71DC3-9C31-422B-8E06-25CDC35084BD}.Release|Any CPU.Build.0 = Release|Any CPU
		{A99254B5-0FD7-4645-B920-92C05D10C321}.Debug|Any CPU.ActiveCfg = Debug|Any CPU
		{A99254B5-0FD7-4645-B920-92C05D10C321}.Debug|Any CPU.Build.0 = Debug|Any CPU
		{A99254B5-0FD7-4645-B920-92C05D10C321}.Release|Any CPU.ActiveCfg = Release|Any CPU
		{A99254B5-0FD7-4645-B920-92C05D10C321}.Release|Any CPU.Build.0 = Release|Any CPU
	EndGlobalSection
	GlobalSection(SolutionProperties) = preSolution
		HideSolutionNode = FALSE
	EndGlobalSection
	GlobalSection(ExtensibilityGlobals) = postSolution
		SolutionGuid = {62901243-D09F-4CB0-AACF-30D3891CBE3A}
	EndGlobalSection
EndGlobal
